
Microsoft Visual Studio Solution File, Format Version 12.00
# Visual Studio Version 16
VisualStudioVersion = 16.0.29613.14
MinimumVisualStudioVersion = 10.0.40219.1
Project("{FAE04EC0-301F-11D3-BF4B-00C04F79EFBC}") = "MRRC", "MRRC\MRRC.csproj", "{A49C44D5-A2F7-4825-A991-BF76730F04A7}"
EndProject
Project("{FAE04EC0-301F-11D3-BF4B-00C04F79EFBC}") = "MRRCManagement", "MRRCManagement\MRRCManagement.csproj", "{97A08795-5D08-4A66-B430-4AACCB3D68D4}"
EndProject
Project("{FAE04EC0-301F-11D3-BF4B-00C04F79EFBC}") = "ConsoleApp", "ConsoleApp\ConsoleApp.csproj", "{694F5F58-8D50-4438-98D3-046B15D169B8}"
EndProject
Global
	GlobalSection(SolutionConfigurationPlatforms) = preSolution
		Debug|Any CPU = Debug|Any CPU
		Release|Any CPU = Release|Any CPU
	EndGlobalSection
	GlobalSection(ProjectConfigurationPlatforms) = postSolution
		{A49C44D5-A2F7-4825-A991-BF76730F04A7}.Debug|Any CPU.ActiveCfg = Debug|Any CPU
		{A49C44D5-A2F7-4825-A991-BF76730F04A7}.Debug|Any CPU.Build.0 = Debug|Any CPU
		{A49C44D5-A2F7-4825-A991-BF76730F04A7}.Release|Any CPU.ActiveCfg = Release|Any CPU
		{A49C44D5-A2F7-4825-A991-BF76730F04A7}.Release|Any CPU.Build.0 = Release|Any CPU
		{97A08795-5D08-4A66-B430-4AACCB3D68D4}.Debug|Any CPU.ActiveCfg = Debug|Any CPU
		{97A08795-5D08-4A66-B430-4AACCB3D68D4}.Debug|Any CPU.Build.0 = Debug|Any CPU
		{97A08795-5D08-4A66-B430-4AACCB3D68D4}.Release|Any CPU.ActiveCfg = Release|Any CPU
		{97A08795-5D08-4A66-B430-4AACCB3D68D4}.Release|Any CPU.Build.0 = Release|Any CPU
		{694F5F58-8D50-4438-98D3-046B15D169B8}.Debug|Any CPU.ActiveCfg = Debug|Any CPU
		{694F5F58-8D50-4438-98D3-046B15D169B8}.Debug|Any CPU.Build.0 = Debug|Any CPU
		{694F5F58-8D50-4438-98D3-046B15D169B8}.Release|Any CPU.ActiveCfg = Release|Any CPU
		{694F5F58-8D50-4438-98D3-046B15D169B8}.Release|Any CPU.Build.0 = Release|Any CPU
	EndGlobalSection
	GlobalSection(SolutionProperties) = preSolution
		HideSolutionNode = FALSE
	EndGlobalSection
	GlobalSection(ExtensibilityGlobals) = postSolution
		SolutionGuid = {5BF9BE55-85A9-4CE2-9949-73DAB5141686}
	EndGlobalSection
EndGlobal
