
Microsoft Visual Studio Solution File, Format Version 12.00
# Visual Studio 15
VisualStudioVersion = 15.0.28307.1000
MinimumVisualStudioVersion = 10.0.40219.1
Project("{FAE04EC0-301F-11D3-BF4B-00C04F79EFBC}") = "MRRC", "MRRC\MRRC.csproj", "{A49C44D5-A2F7-4825-A991-BF76730F04A7}"
EndProject
Global
	GlobalSection(SolutionConfigurationPlatforms) = preSolution
		Debug|Any CPU = Debug|Any CPU
		Release|Any CPU = Release|Any CPU
	EndGlobalSection
	GlobalSection(ProjectConfigurationPlatforms) = postSolution
		{A49C44D5-A2F7-4825-A991-BF76730F04A7}.Debug|Any CPU.ActiveCfg = Debug|Any CPU
		{A49C44D5-A2F7-4825-A991-BF76730F04A7}.Debug|Any CPU.Build.0 = Debug|Any CPU
		{A49C44D5-A2F7-4825-A991-BF76730F04A7}.Release|Any CPU.ActiveCfg = Release|Any CPU
		{A49C44D5-A2F7-4825-A991-BF76730F04A7}.Release|Any CPU.Build.0 = Release|Any CPU
	EndGlobalSection
	GlobalSection(SolutionProperties) = preSolution
		HideSolutionNode = FALSE
	EndGlobalSection
	GlobalSection(ExtensibilityGlobals) = postSolution
		SolutionGuid = {5BF9BE55-85A9-4CE2-9949-73DAB5141686}
	EndGlobalSection
EndGlobal
